
Microsoft Visual Studio Solution File, Format Version 12.00
# Visual Studio Version 17
VisualStudioVersion = 17.3.32819.101
MinimumVisualStudioVersion = 10.0.40219.1
Project("{9A19103F-16F7-4668-BE54-9A1E7A4F7556}") = "PublicUtility.MouseRun", "PublicUtility.MouseRun.csproj", "{5403F961-7BB6-4F82-A10B-B1BA4809C7EE}"
EndProject
Project("{9A19103F-16F7-4668-BE54-9A1E7A4F7556}") = "PublicUtility.MouseRun.Linux", "PublicUtility.MouseRun.Linux\PublicUtility.MouseRun.Linux.csproj", "{D02C13E1-5184-497C-8BB2-8AAFC2CD086E}"
EndProject
Project("{9A19103F-16F7-4668-BE54-9A1E7A4F7556}") = "PublicUtility.MouseRun.Windows", "PublicUtility.MouseRun.Windows\PublicUtility.MouseRun.Windows.csproj", "{D256D783-6DF8-4143-8DDF-500F356E343F}"
EndProject
Global
	GlobalSection(SolutionConfigurationPlatforms) = preSolution
		Debug|Any CPU = Debug|Any CPU
		Release|Any CPU = Release|Any CPU
	EndGlobalSection
	GlobalSection(ProjectConfigurationPlatforms) = postSolution
		{5403F961-7BB6-4F82-A10B-B1BA4809C7EE}.Debug|Any CPU.ActiveCfg = Debug|Any CPU
		{5403F961-7BB6-4F82-A10B-B1BA4809C7EE}.Debug|Any CPU.Build.0 = Debug|Any CPU
		{5403F961-7BB6-4F82-A10B-B1BA4809C7EE}.Release|Any CPU.ActiveCfg = Release|Any CPU
		{5403F961-7BB6-4F82-A10B-B1BA4809C7EE}.Release|Any CPU.Build.0 = Release|Any CPU
		{D02C13E1-5184-497C-8BB2-8AAFC2CD086E}.Debug|Any CPU.ActiveCfg = Debug|Any CPU
		{D02C13E1-5184-497C-8BB2-8AAFC2CD086E}.Debug|Any CPU.Build.0 = Debug|Any CPU
		{D02C13E1-5184-497C-8BB2-8AAFC2CD086E}.Release|Any CPU.ActiveCfg = Release|Any CPU
		{D02C13E1-5184-497C-8BB2-8AAFC2CD086E}.Release|Any CPU.Build.0 = Release|Any CPU
		{D256D783-6DF8-4143-8DDF-500F356E343F}.Debug|Any CPU.ActiveCfg = Debug|Any CPU
		{D256D783-6DF8-4143-8DDF-500F356E343F}.Debug|Any CPU.Build.0 = Debug|Any CPU
		{D256D783-6DF8-4143-8DDF-500F356E343F}.Release|Any CPU.ActiveCfg = Release|Any CPU
		{D256D783-6DF8-4143-8DDF-500F356E343F}.Release|Any CPU.Build.0 = Release|Any CPU
	EndGlobalSection
	GlobalSection(SolutionProperties) = preSolution
		HideSolutionNode = FALSE
	EndGlobalSection
	GlobalSection(ExtensibilityGlobals) = postSolution
		SolutionGuid = {98E7C6E6-6398-4DF9-B9A7-614B4202C907}
	EndGlobalSection
EndGlobal
